github.com/TheAwesomeCoder05/greetings v0.0.0-20210320074117-e1036b6c084b h1:MCK1N+chk/PPute1qxqIbW5psd3DPgpQ4XTlcTryUL4=
github.com/TheAwesomeCoder05/greetings v0.0.0-20210320074117-e1036b6c084b/go.mod h1:aHH+WqRb8R7C5cG1v5zv9n1GwT5x/ZMbHliYOyEvlfg=
github.com/TheAwesomeCoder05/greetings v0.0.0-20210320092544-74acb4687851 h1:XXe2KRnkj9yLFGTq5aNTVh+UWDi/lHZWJD1XnYgVV3Q=
github.com/TheAwesomeCoder05/greetings v0.0.0-20210320092544-74acb4687851/go.mod h1:aHH+WqRb8R7C5cG1v5zv9n1GwT5x/ZMbHliYOyEvlfg=
