github.com/TheAwesomeCoder05/greetings v0.0.0-20210320062614-c1b0f17c899c h1:+nFv5HyN0G6q7WxEsG9I5geOCcO058j6xvuA4s6rph8=
github.com/TheAwesomeCoder05/greetings v0.0.0-20210320062614-c1b0f17c899c/go.mod h1:aHH+WqRb8R7C5cG1v5zv9n1GwT5x/ZMbHliYOyEvlfg=
github.com/TheAwesomeCoder05/greetings v0.0.0-20210320071849-a60c207c56f1 h1:HLH41aCBgb5snCQEvmAe7cNbGP4Fmwm7V+NkPfXXdjs=
github.com/TheAwesomeCoder05/greetings v0.0.0-20210320071849-a60c207c56f1/go.mod h1:aHH+WqRb8R7C5cG1v5zv9n1GwT5x/ZMbHliYOyEvlfg=
